
Microsoft Visual Studio Solution File, Format Version 12.00
# Visual Studio Version 17
VisualStudioVersion = 17.9.0
MinimumVisualStudioVersion = 10.0.40219.1
Project("{9A19103F-16F7-4668-BE54-9A1E7A4F7556}") = "CDiskManager", "CDiskManager\CDiskManager.csproj", "{A1B2C3D4-E5F6-7890-ABCD-EF1234567890}"
EndProject
Project("{FAE04EC0-301F-11D3-BF4B-00C04F79EFBC}") = "CDiskManager.Tests", "CDiskManager.Tests\CDiskManager.Tests.csproj", "{BE554436-171E-44B0-A6B5-9A81C8346381}"
EndProject
Global
	GlobalSection(SolutionConfigurationPlatforms) = preSolution
		Debug|x64 = Debug|x64
		Release|x64 = Release|x64
	EndGlobalSection
	GlobalSection(ProjectConfigurationPlatforms) = postSolution
		{A1B2C3D4-E5F6-7890-ABCD-EF1234567890}.Debug|x64.ActiveCfg = Debug|x64
		{A1B2C3D4-E5F6-7890-ABCD-EF1234567890}.Debug|x64.Build.0 = Debug|x64
		{A1B2C3D4-E5F6-7890-ABCD-EF1234567890}.Release|x64.ActiveCfg = Release|x64
		{A1B2C3D4-E5F6-7890-ABCD-EF1234567890}.Release|x64.Build.0 = Release|x64
		{BE554436-171E-44B0-A6B5-9A81C8346381}.Debug|x64.ActiveCfg = Debug|Any CPU
		{BE554436-171E-44B0-A6B5-9A81C8346381}.Debug|x64.Build.0 = Debug|Any CPU
		{BE554436-171E-44B0-A6B5-9A81C8346381}.Release|x64.ActiveCfg = Release|Any CPU
		{BE554436-171E-44B0-A6B5-9A81C8346381}.Release|x64.Build.0 = Release|Any CPU
	EndGlobalSection
EndGlobal
